lockfileVersion: '9.0'

settings:
  autoInstallPeers: true
  excludeLinksFromLockfile: false

importers:

  .:
    devDependencies:
      pnpm:
        specifier: ^10.2.1
        version: 10.2.1

packages:

  pnpm@10.2.1:
    resolution: {integrity: sha512-OYA1x71pbQugsQpojtVYKFMp0n6plIBKUrrZFn2OOnK8uZP5aZWF08old5rGSUnvQidXpsMRAsEquTLly+XMkg==}
    engines: {node: '>=18.12'}
    hasBin: true

snapshots:

  pnpm@10.2.1: {}
